
Microsoft Visual Studio Solution File, Format Version 12.00
# Visual Studio Version 16
VisualStudioVersion = 16.0.31205.134
MinimumVisualStudioVersion = 10.0.40219.1
Project("{9A19103F-16F7-4668-BE54-9A1E7A4F7556}") = "Business", "Business\Business.csproj", "{CDA1684E-DF45-44B7-84A2-6F68B8B7499B}"
EndProject
Project("{9A19103F-16F7-4668-BE54-9A1E7A4F7556}") = "DataAccess", "DataAccess\DataAccess.csproj", "{CD482706-6959-4DC6-A420-85A0172020A6}"
EndProject
Project("{9A19103F-16F7-4668-BE54-9A1E7A4F7556}") = "Entities", "Entities\Entities.csproj", "{71FD4515-F3D5-42FB-9A0C-C45575BF24B1}"
EndProject
Project("{9A19103F-16F7-4668-BE54-9A1E7A4F7556}") = "Core", "Core\Core.csproj", "{21BC7DA5-A8D6-465F-9AB8-C0C1BD04FC00}"
EndProject
Project("{9A19103F-16F7-4668-BE54-9A1E7A4F7556}") = "WebAPI", "WebAPI\WebAPI.csproj", "{D8F7F8EB-1131-4DE4-8835-FDDB225D6B60}"
EndProject
Global
	GlobalSection(SolutionConfigurationPlatforms) = preSolution
		Debug|Any CPU = Debug|Any CPU
		Release|Any CPU = Release|Any CPU
	EndGlobalSection
	GlobalSection(ProjectConfigurationPlatforms) = postSolution
		{CDA1684E-DF45-44B7-84A2-6F68B8B7499B}.Debug|Any CPU.ActiveCfg = Debug|Any CPU
		{CDA1684E-DF45-44B7-84A2-6F68B8B7499B}.Debug|Any CPU.Build.0 = Debug|Any CPU
		{CDA1684E-DF45-44B7-84A2-6F68B8B7499B}.Release|Any CPU.ActiveCfg = Release|Any CPU
		{CDA1684E-DF45-44B7-84A2-6F68B8B7499B}.Release|Any CPU.Build.0 = Release|Any CPU
		{CD482706-6959-4DC6-A420-85A0172020A6}.Debug|Any CPU.ActiveCfg = Debug|Any CPU
		{CD482706-6959-4DC6-A420-85A0172020A6}.Debug|Any CPU.Build.0 = Debug|Any CPU
		{CD482706-6959-4DC6-A420-85A0172020A6}.Release|Any CPU.ActiveCfg = Release|Any CPU
		{CD482706-6959-4DC6-A420-85A0172020A6}.Release|Any CPU.Build.0 = Release|Any CPU
		{71FD4515-F3D5-42FB-9A0C-C45575BF24B1}.Debug|Any CPU.ActiveCfg = Debug|Any CPU
		{71FD4515-F3D5-42FB-9A0C-C45575BF24B1}.Debug|Any CPU.Build.0 = Debug|Any CPU
		{71FD4515-F3D5-42FB-9A0C-C45575BF24B1}.Release|Any CPU.ActiveCfg = Release|Any CPU
		{71FD4515-F3D5-42FB-9A0C-C45575BF24B1}.Release|Any CPU.Build.0 = Release|Any CPU
		{21BC7DA5-A8D6-465F-9AB8-C0C1BD04FC00}.Debug|Any CPU.ActiveCfg = Debug|Any CPU
		{21BC7DA5-A8D6-465F-9AB8-C0C1BD04FC00}.Debug|Any CPU.Build.0 = Debug|Any CPU
		{21BC7DA5-A8D6-465F-9AB8-C0C1BD04FC00}.Release|Any CPU.ActiveCfg = Release|Any CPU
		{21BC7DA5-A8D6-465F-9AB8-C0C1BD04FC00}.Release|Any CPU.Build.0 = Release|Any CPU
		{D8F7F8EB-1131-4DE4-8835-FDDB225D6B60}.Debug|Any CPU.ActiveCfg = Debug|Any CPU
		{D8F7F8EB-1131-4DE4-8835-FDDB225D6B60}.Debug|Any CPU.Build.0 = Debug|Any CPU
		{D8F7F8EB-1131-4DE4-8835-FDDB225D6B60}.Release|Any CPU.ActiveCfg = Release|Any CPU
		{D8F7F8EB-1131-4DE4-8835-FDDB225D6B60}.Release|Any CPU.Build.0 = Release|Any CPU
	EndGlobalSection
	GlobalSection(SolutionProperties) = preSolution
		HideSolutionNode = FALSE
	EndGlobalSection
	GlobalSection(ExtensibilityGlobals) = postSolution
		SolutionGuid = {09AF03A4-0B5C-42D8-8CD3-86A6128FA70C}
	EndGlobalSection
EndGlobal
